
Microsoft Visual Studio Solution File, Format Version 12.00
# Visual Studio Version 16
VisualStudioVersion = 16.0.29025.244
MinimumVisualStudioVersion = 10.0.40219.1
Project("{FAE04EC0-301F-11D3-BF4B-00C04F79EFBC}") = "GenericAdapter", "GenericAdapter\GenericAdapter.csproj", "{52C919A0-3FF0-4B06-8E33-CFE3B683D804}"
EndProject
Project("{9A19103F-16F7-4668-BE54-9A1E7A4F7556}") = "HttpWeaver", "..\..\..\Downloads\Httpweaver-master\Httpweaver-master\HttpWeaver\HttpWeaver.csproj", "{173042D5-C4B1-48EA-BF2B-0BC995DF80E8}"
EndProject
Project("{9A19103F-16F7-4668-BE54-9A1E7A4F7556}") = "Collections.Common", "..\ALATOutletStaff\Collections.Common\Collections.Common.csproj", "{DDBA3454-9859-4AF8-958D-F944EF78F375}"
EndProject
Global
	GlobalSection(SolutionConfigurationPlatforms) = preSolution
		Debug|Any CPU = Debug|Any CPU
		Release|Any CPU = Release|Any CPU
	EndGlobalSection
	GlobalSection(ProjectConfigurationPlatforms) = postSolution
		{52C919A0-3FF0-4B06-8E33-CFE3B683D804}.Debug|Any CPU.ActiveCfg = Debug|Any CPU
		{52C919A0-3FF0-4B06-8E33-CFE3B683D804}.Debug|Any CPU.Build.0 = Debug|Any CPU
		{52C919A0-3FF0-4B06-8E33-CFE3B683D804}.Release|Any CPU.ActiveCfg = Release|Any CPU
		{52C919A0-3FF0-4B06-8E33-CFE3B683D804}.Release|Any CPU.Build.0 = Release|Any CPU
		{173042D5-C4B1-48EA-BF2B-0BC995DF80E8}.Debug|Any CPU.ActiveCfg = Debug|Any CPU
		{173042D5-C4B1-48EA-BF2B-0BC995DF80E8}.Debug|Any CPU.Build.0 = Debug|Any CPU
		{173042D5-C4B1-48EA-BF2B-0BC995DF80E8}.Release|Any CPU.ActiveCfg = Release|Any CPU
		{173042D5-C4B1-48EA-BF2B-0BC995DF80E8}.Release|Any CPU.Build.0 = Release|Any CPU
		{DDBA3454-9859-4AF8-958D-F944EF78F375}.Debug|Any CPU.ActiveCfg = Debug|Any CPU
		{DDBA3454-9859-4AF8-958D-F944EF78F375}.Debug|Any CPU.Build.0 = Debug|Any CPU
		{DDBA3454-9859-4AF8-958D-F944EF78F375}.Release|Any CPU.ActiveCfg = Release|Any CPU
		{DDBA3454-9859-4AF8-958D-F944EF78F375}.Release|Any CPU.Build.0 = Release|Any CPU
	EndGlobalSection
	GlobalSection(SolutionProperties) = preSolution
		HideSolutionNode = FALSE
	EndGlobalSection
	GlobalSection(ExtensibilityGlobals) = postSolution
		SolutionGuid = {07164E89-E78E-40B2-8D67-A257786FD7EB}
	EndGlobalSection
EndGlobal
